
Microsoft Visual Studio Solution File, Format Version 12.00
# Visual Studio Version 16
VisualStudioVersion = 16.0.33423.256
MinimumVisualStudioVersion = 10.0.40219.1
Project("{FAE04EC0-301F-11D3-BF4B-00C04F79EFBC}") = "CustomSwagger", "CustomSwagger\CustomSwagger.csproj", "{59C4C25D-C63E-4C5E-A3CE-53D517D33F06}"
EndProject
Global
	GlobalSection(SolutionConfigurationPlatforms) = preSolution
		Debug|Any CPU = Debug|Any CPU
		Release|Any CPU = Release|Any CPU
	EndGlobalSection
	GlobalSection(ProjectConfigurationPlatforms) = postSolution
		{59C4C25D-C63E-4C5E-A3CE-53D517D33F06}.Debug|Any CPU.ActiveCfg = Debug|Any CPU
		{59C4C25D-C63E-4C5E-A3CE-53D517D33F06}.Debug|Any CPU.Build.0 = Debug|Any CPU
		{59C4C25D-C63E-4C5E-A3CE-53D517D33F06}.Release|Any CPU.ActiveCfg = Release|Any CPU
		{59C4C25D-C63E-4C5E-A3CE-53D517D33F06}.Release|Any CPU.Build.0 = Release|Any CPU
	EndGlobalSection
	GlobalSection(SolutionProperties) = preSolution
		HideSolutionNode = FALSE
	EndGlobalSection
	GlobalSection(ExtensibilityGlobals) = postSolution
		SolutionGuid = {FD85454C-7D96-43E0-92D6-E76D9D4713F0}
	EndGlobalSection
EndGlobal
